Microsoft Visual Studio Solution File, Format Version 12.00
# Visual Studio Version 17
VisualStudioVersion = 17.5.2.0
MinimumVisualStudioVersion = 10.0.40219.1
Project("{FAE04EC0-301F-11D3-BF4B-00C04F79EFBC}") = "vlf-4rum", "vlf-4rum.csproj", "{65E6ACB0-9DB7-0E31-CA8C-417963C4D69D}"
EndProject
Global
	GlobalSection(SolutionConfigurationPlatforms) = preSolution
		Debug|Any CPU = Debug|Any CPU
		Release|Any CPU = Release|Any CPU
	EndGlobalSection
	GlobalSection(ProjectConfigurationPlatforms) = postSolution
		{65E6ACB0-9DB7-0E31-CA8C-417963C4D69D}.Debug|Any CPU.ActiveCfg = Debug|Any CPU
		{65E6ACB0-9DB7-0E31-CA8C-417963C4D69D}.Debug|Any CPU.Build.0 = Debug|Any CPU
		{65E6ACB0-9DB7-0E31-CA8C-417963C4D69D}.Release|Any CPU.ActiveCfg = Release|Any CPU
		{65E6ACB0-9DB7-0E31-CA8C-417963C4D69D}.Release|Any CPU.Build.0 = Release|Any CPU
	EndGlobalSection
	GlobalSection(SolutionProperties) = preSolution
		HideSolutionNode = FALSE
	EndGlobalSection
	GlobalSection(ExtensibilityGlobals) = postSolution
		SolutionGuid = {397BBE5A-EDC6-4D47-B43F-A2836FAD719D}
	EndGlobalSection
EndGlobal
